version: 1.0
shards:
  discordcr:
    github: meew0/discordcr
    commit: 1d40f5fa0c9069a817ddbb3daf26782607d69d7d

  hydra:
    github: freyamade/hydra
    commit: f9f9d0a9614f708f463b61524da85a241b7e0495

  termbox:
    github: andrewsuzuki/termbox-crystal
    commit: 9471d1f1852dec251d6bcb6f8a583e7abdf04f68

