version: 1.0
shards:
  discordcr:
    github: freyamade/discordcr
    commit: 9a4029b312fd0d1205afc09d6faa34dc6796e29c

  hydra:
    github: freyamade/hydra
    commit: 6f1700892f85e9bf97f1a526a8c1e6609f18ea32

  noir:
    github: freyamade/noir
    commit: 87e77d739d3bbcc42cd7570366010988cf4e16a7

  termbox:
    github: andrewsuzuki/termbox-crystal
    commit: 9471d1f1852dec251d6bcb6f8a583e7abdf04f68

