version: 1.0
shards:
  discordcr:
    github: freyamade/discordcr
    commit: 9a4029b312fd0d1205afc09d6faa34dc6796e29c

  hydra:
    github: freyamade/hydra
    commit: 6e745cf4e2950b5f70fd0d3f737a1d8f50d08594

  noir:
    github: MakeNowJust/noir
    commit: 87e77d739d3bbcc42cd7570366010988cf4e16a7

  termbox:
    github: andrewsuzuki/termbox-crystal
    commit: 9471d1f1852dec251d6bcb6f8a583e7abdf04f68

